# THIS IS AN AUTOGENERATED FILE. DO NOT EDIT THIS FILE DIRECTLY.
# yarn lockfile v1


fsevents@~2.3.2:
  version "2.3.2"
  resolved "https://registry.npmmirror.com/fsevents/-/fsevents-2.3.2.tgz#8a526f78b8fdf4623b709e0b975c52c24c02fd1a"
  integrity sha512-xiqMQR4xAeHTuB9uWm+fFRcIOgKBMiOBP+eXiyT7jsgVCq1bkVygt00oASowB7EdtpOHaaPgKt812P9ab+DDKA==

rollup@^2.67.1:
  version "2.67.1"
  resolved "https://registry.npmmirror.com/rollup/-/rollup-2.67.1.tgz#4402665706fa00f321d446ce45f880e02cf54f01"
  integrity sha512-1Sbcs4OuW+aD+hhqpIRl+RqooIpF6uQcfzU/QSI7vGkwADY6cM4iLsBGRM2CGLXDTDN5y/yShohFmnKegSPWzg==
  optionalDependencies:
    fsevents "~2.3.2"

the-answer@^1.0.0:
  version "1.0.0"
  resolved "https://registry.npmmirror.com/the-answer/-/the-answer-1.0.0.tgz#6dbc4c9db469d4f437120b09e44700fc320f170b"
  integrity sha512-HvrHEdALM7Z3o/0Gj/y8M4lVaOkNuIuuYB1HKIxyB0vu0BhoqgVi4P5oik3dhDj8xe0xwf9qGej/qCQUrACDHA==
